
Microsoft Visual Studio Solution File, Format Version 12.00
# Visual Studio Version 17
VisualStudioVersion = 17.14.36804.6 d17.14
MinimumVisualStudioVersion = 10.0.40219.1
Project("{FAE04EC0-301F-11D3-BF4B-00C04F79EFBC}") = "bai1_lab3", "bai1_lab3\bai1_lab3.csproj", "{F066F42F-E0AC-4082-B752-69758F3731B0}"
EndProject
Global
	GlobalSection(SolutionConfigurationPlatforms) = preSolution
		Debug|Any CPU = Debug|Any CPU
		Release|Any CPU = Release|Any CPU
	EndGlobalSection
	GlobalSection(ProjectConfigurationPlatforms) = postSolution
		{F066F42F-E0AC-4082-B752-69758F3731B0}.Debug|Any CPU.ActiveCfg = Debug|Any CPU
		{F066F42F-E0AC-4082-B752-69758F3731B0}.Debug|Any CPU.Build.0 = Debug|Any CPU
		{F066F42F-E0AC-4082-B752-69758F3731B0}.Release|Any CPU.ActiveCfg = Release|Any CPU
		{F066F42F-E0AC-4082-B752-69758F3731B0}.Release|Any CPU.Build.0 = Release|Any CPU
	EndGlobalSection
	GlobalSection(SolutionProperties) = preSolution
		HideSolutionNode = FALSE
	EndGlobalSection
	GlobalSection(ExtensibilityGlobals) = postSolution
		SolutionGuid = {68C74293-F31E-4DBD-A9AE-B75292FA3509}
	EndGlobalSection
EndGlobal
