
Microsoft Visual Studio Solution File, Format Version 12.00
# Visual Studio Version 17
VisualStudioVersion = 17.14.36804.6 d17.14
MinimumVisualStudioVersion = 10.0.40219.1
Project("{FAE04EC0-301F-11D3-BF4B-00C04F79EFBC}") = "bai6_lab3", "bai6_lab3\bai6_lab3.csproj", "{67B89EAE-F56B-447D-9F1A-ABC543644B7C}"
EndProject
Global
	GlobalSection(SolutionConfigurationPlatforms) = preSolution
		Debug|Any CPU = Debug|Any CPU
		Release|Any CPU = Release|Any CPU
	EndGlobalSection
	GlobalSection(ProjectConfigurationPlatforms) = postSolution
		{67B89EAE-F56B-447D-9F1A-ABC543644B7C}.Debug|Any CPU.ActiveCfg = Debug|Any CPU
		{67B89EAE-F56B-447D-9F1A-ABC543644B7C}.Debug|Any CPU.Build.0 = Debug|Any CPU
		{67B89EAE-F56B-447D-9F1A-ABC543644B7C}.Release|Any CPU.ActiveCfg = Release|Any CPU
		{67B89EAE-F56B-447D-9F1A-ABC543644B7C}.Release|Any CPU.Build.0 = Release|Any CPU
	EndGlobalSection
	GlobalSection(SolutionProperties) = preSolution
		HideSolutionNode = FALSE
	EndGlobalSection
	GlobalSection(ExtensibilityGlobals) = postSolution
		SolutionGuid = {02ADBA89-2225-460E-A57E-BF3D460DCE28}
	EndGlobalSection
EndGlobal
